{
  "requires": true,
  "lockfileVersion": 1,
  "dependencies": {
    "v-distpicker": {
      "version": "1.0.21",
      "resolved": "https://registry.npmjs.org/v-distpicker/-/v-distpicker-1.0.21.tgz",
      "integrity": "sha512-1SI073hN16qTpGT/gh7BCu4qQrEDrVcOegi4J6tpdv689Mv7Q6Lb1MJ6WKonwiLDEQkosVCZLLCRh8/xklXffQ==",
      "requires": {
        "vue": "^2.5.17"
      }
    },
    "vue": {
      "version": "2.5.17",
      "resolved": "https://registry.npmjs.org/vue/-/vue-2.5.17.tgz",
      "integrity": "sha512-mFbcWoDIJi0w0Za4emyLiW72Jae0yjANHbCVquMKijcavBGypqlF7zHRgMa5k4sesdv7hv2rB4JPdZfR+TPfhQ=="
    },
    "vue-infinite-scroll": {
      "version": "2.0.2",
      "resolved": "https://registry.npmjs.org/vue-infinite-scroll/-/vue-infinite-scroll-2.0.2.tgz",
      "integrity": "sha512-n+YghR059YmciANGJh9SsNWRi1YZEBVlODtmnb/12zI+4R72QZSWd+EuZ5mW6auEo/yaJXgxzwsuhvALVnm73A=="
    }
  }
}
